// !$*UTF8*$!
{
	archiveVersion = 1;
	classes = {
	};
	objectVersion = 50;
	objects = {

/* Begin PBXBuildFile section */
		8293A04F21A422A200B179C7 /* AppDelegate.swift in Sources */ = {isa = PBXBuildFile; fileRef = 8293A04E21A422A200B179C7 /* AppDelegate.swift */; };
		8293A05421A422A200B179C7 /* Main.storyboard in Resources */ = {isa = PBXBuildFile; fileRef = 8293A05221A422A200B179C7 /* Main.storyboard */; };
		8293A05621A422A300B179C7 /* Assets.xcassets in Resources */ = {isa = PBXBuildFile; fileRef = 8293A05521A422A300B179C7 /* Assets.xcassets */; };
		8293A05921A422A300B179C7 /* LaunchScreen.storyboard in Resources */ = {isa = PBXBuildFile; fileRef = 8293A05721A422A300B179C7 /* LaunchScreen.storyboard */; };
		8293A06121A4238900B179C7 /* ContactTableViewController.swift in Sources */ = {isa = PBXBuildFile; fileRef = 8293A06021A4238900B179C7 /* ContactTableViewController.swift */; };
		8293A06321A425F200B179C7 /* ContactTableViewCell.swift in Sources */ = {isa = PBXBuildFile; fileRef = 8293A06221A425F200B179C7 /* ContactTableViewCell.swift */; };
		8293A06521A4269500B179C7 /* Contact.swift in Sources */ = {isa = PBXBuildFile; fileRef = 8293A06421A4269500B179C7 /* Contact.swift */; };
		8293A06721A43C0D00B179C7 /* DetailViewController.swift in Sources */ = {isa = PBXBuildFile; fileRef = 8293A06621A43C0D00B179C7 /* DetailViewController.swift */; };
/* End PBXBuildFile section */

/* Begin PBXFileReference section */
		8293A04B21A422A200B179C7 /* ContactDemo.app */ = {isa = PBXFileReference; explicitFileType = wrapper.application; includeInIndex = 0; path = ContactDemo.app; sourceTree = BUILT_PRODUCTS_DIR; };
		8293A04E21A422A200B179C7 /* AppDelegate.swift */ = {isa = PBXFileReference; lastKnownFileType = sourcecode.swift; path = AppDelegate.swift; sourceTree = "<group>"; };
		8293A05321A422A200B179C7 /* Base */ = {isa = PBXFileReference; lastKnownFileType = file.storyboard; name = Base; path = Base.lproj/Main.storyboard; sourceTree = "<group>"; };
		8293A05521A422A300B179C7 /* Assets.xcassets */ = {isa = PBXFileReference; lastKnownFileType = folder.assetcatalog; path = Assets.xcassets; sourceTree = "<group>"; };
		8293A05821A422A300B179C7 /* Base */ = {isa = PBXFileReference; lastKnownFileType = file.storyboard; name = Base; path = Base.lproj/LaunchScreen.storyboard; sourceTree = "<group>"; };
		8293A05A21A422A300B179C7 /* Info.plist */ = {isa = PBXFileReference; lastKnownFileType = text.plist.xml; path = Info.plist; sourceTree = "<group>"; };
		8293A06021A4238900B179C7 /* ContactTableViewController.swift */ = {isa = PBXFileReference; lastKnownFileType = sourcecode.swift; path = ContactTableViewController.swift; sourceTree = "<group>"; };
		8293A06221A425F200B179C7 /* ContactTableViewCell.swift */ = {isa = PBXFileReference; lastKnownFileType = sourcecode.swift; path = ContactTableViewCell.swift; sourceTree = "<group>"; };
		8293A06421A4269500B179C7 /* Contact.swift */ = {isa = PBXFileReference; lastKnownFileType = sourcecode.swift; path = Contact.swift; sourceTree = "<group>"; };
		8293A06621A43C0D00B179C7 /* DetailViewController.swift */ = {isa = PBXFileReference; lastKnownFileType = sourcecode.swift; path = DetailViewController.swift; sourceTree = "<group>"; };
/* End PBXFileReference section */

/* Begin PBXFrameworksBuildPhase section */
		8293A04821A422A200B179C7 /* Frameworks */ = {
			isa = PBXFrameworksBuildPhase;
			buildActionMask = 2147483647;
			files = (
			);
			runOnlyForDeploymentPostprocessing = 0;
		};
/* End PBXFrameworksBuildPhase section */

/* Begin PBXGroup section */
		8293A04221A422A200B179C7 = {
			isa = PBXGroup;
			children = (
				8293A04D21A422A200B179C7 /* ContactDemo */,
				8293A04C21A422A200B179C7 /* Products */,
			);
			sourceTree = "<group>";
		};
		8293A04C21A422A200B179C7 /* Products */ = {
			isa = PBXGroup;
			children = (
				8293A04B21A422A200B179C7 /* ContactDemo.app */,
			);
			name = Products;
			sourceTree = "<group>";
		};
		8293A04D21A422A200B179C7 /* ContactDemo */ = {
			isa = PBXGroup;
			children = (
				8293A04E21A422A200B179C7 /* AppDelegate.swift */,
				8293A05221A422A200B179C7 /* Main.storyboard */,
				8293A05521A422A300B179C7 /* Assets.xcassets */,
				8293A05721A422A300B179C7 /* LaunchScreen.storyboard */,
				8293A05A21A422A300B179C7 /* Info.plist */,
				8293A06021A4238900B179C7 /* ContactTableViewController.swift */,
				8293A06221A425F200B179C7 /* ContactTableViewCell.swift */,
				8293A06421A4269500B179C7 /* Contact.swift */,
				8293A06621A43C0D00B179C7 /* DetailViewController.swift */,
			);
			path = ContactDemo;
			sourceTree = "<group>";
		};
/* End PBXGroup section */

/* Begin PBXNativeTarget section */
		8293A04A21A422A200B179C7 /* ContactDemo */ = {
			isa = PBXNativeTarget;
			buildConfigurationList = 8293A05D21A422A300B179C7 /* Build configuration list for PBXNativeTarget "ContactDemo" */;
			buildPhases = (
				8293A04721A422A200B179C7 /* Sources */,
				8293A04821A422A200B179C7 /* Frameworks */,
				8293A04921A422A200B179C7 /* Resources */,
			);
			buildRules = (
			);
			dependencies = (
			);
			name = ContactDemo;
			productName = ContactDemo;
			productReference = 8293A04B21A422A200B179C7 /* ContactDemo.app */;
			productType = "com.apple.product-type.application";
		};
/* End PBXNativeTarget section */

/* Begin PBXProject section */
		8293A04321A422A200B179C7 /* Project object */ = {
			isa = PBXProject;
			attributes = {
				LastSwiftUpdateCheck = 1000;
				LastUpgradeCheck = 1000;
				ORGANIZATIONNAME = "Soeng Saravit";
				TargetAttributes = {
					8293A04A21A422A200B179C7 = {
						CreatedOnToolsVersion = 10.0;
					};
				};
			};
			buildConfigurationList = 8293A04621A422A200B179C7 /* Build configuration list for PBXProject "ContactDemo" */;
			compatibilityVersion = "Xcode 9.3";
			developmentRegion = en;
			hasScannedForEncodings = 0;
			knownRegions = (
				en,
				Base,
			);
			mainGroup = 8293A04221A422A200B179C7;
			productRefGroup = 8293A04C21A422A200B179C7 /* Products */;
			projectDirPath = "";
			projectRoot = "";
			targets = (
				8293A04A21A422A200B179C7 /* ContactDemo */,
			);
		};
/* End PBXProject section */

/* Begin PBXResourcesBuildPhase section */
		8293A04921A422A200B179C7 /* Resources */ = {
			isa = PBXResourcesBuildPhase;
			buildActionMask = 2147483647;
			files = (
				8293A05921A422A300B179C7 /* LaunchScreen.storyboard in Resources */,
				8293A05621A422A300B179C7 /* Assets.xcassets in Resources */,
				8293A05421A422A200B179C7 /* Main.storyboard in Resources */,
			);
			runOnlyForDeploymentPostprocessing = 0;
		};
/* End PBXResourcesBuildPhase section */

/* Begin PBXSourcesBuildPhase section */
		8293A04721A422A200B179C7 /* Sources */ = {
			isa = PBXSourcesBuildPhase;
			buildActionMask = 2147483647;
			files = (
				8293A06521A4269500B179C7 /* Contact.swift in Sources */,
				8293A06321A425F200B179C7 /* ContactTableViewCell.swift in Sources */,
				8293A06721A43C0D00B179C7 /* DetailViewController.swift in Sources */,
				8293A06121A4238900B179C7 /* ContactTableViewController.swift in Sources */,
				8293A04F21A422A200B179C7 /* AppDelegate.swift in Sources */,
			);
			runOnlyForDeploymentPostprocessing = 0;
		};
/* End PBXSourcesBuildPhase section */

/* Begin PBXVariantGroup section */
		8293A05221A422A200B179C7 /* Main.storyboard */ = {
			isa = PBXVariantGroup;
			children = (
				8293A05321A422A200B179C7 /* Base */,
			);
			name = Main.storyboard;
			sourceTree = "<group>";
		};
		8293A05721A422A300B179C7 /* LaunchScreen.storyboard */ = {
			isa = PBXVariantGroup;
			children = (
				8293A05821A422A300B179C7 /* Base */,
			);
			name = LaunchScreen.storyboard;
			sourceTree = "<group>";
		};
/* End PBXVariantGroup section */

/* Begin XCBuildConfiguration section */
		8293A05B21A422A300B179C7 /* Debug */ = {
			isa = XCBuildConfiguration;
			buildSettings = {
				ALWAYS_SEARCH_USER_PATHS = NO;
				CLANG_ANALYZER_NONNULL = YES;
				CLANG_ANALYZER_NUMBER_OBJECT_CONVERSION = YES_AGGRESSIVE;
				CLANG_CXX_LANGUAGE_STANDARD = "gnu++14";
				CLANG_CXX_LIBRARY = "libc++";
				CLANG_ENABLE_MODULES = YES;
				CLANG_ENABLE_OBJC_ARC = YES;
				CLANG_ENABLE_OBJC_WEAK = YES;
				CLANG_WARN_BLOCK_CAPTURE_AUTORELEASING = YES;
				CLANG_WARN_BOOL_CONVERSION = YES;
				CLANG_WARN_COMMA = YES;
				CLANG_WARN_CONSTANT_CONVERSION = YES;
				CLANG_WARN_DEPRECATED_OBJC_IMPLEMENTATIONS = YES;
				CLANG_WARN_DIRECT_OBJC_ISA_USAGE = YES_ERROR;
				CLANG_WARN_DOCUMENTATION_COMMENTS = YES;
				CLANG_WARN_EMPTY_BODY = YES;
				CLANG_WARN_ENUM_CONVERSION = YES;
				CLANG_WARN_INFINITE_RECURSION = YES;
				CLANG_WARN_INT_CONVERSION = YES;
				CLANG_WARN_NON_LITERAL_NULL_CONVERSION = YES;
				CLANG_WARN_OBJC_IMPLICIT_RETAIN_SELF = YES;
				CLANG_WARN_OBJC_LITERAL_CONVERSION = YES;
				CLANG_WARN_OBJC_ROOT_CLASS = YES_ERROR;
				CLANG_WARN_RANGE_LOOP_ANALYSIS = YES;
				CLANG_WARN_STRICT_PROTOTYPES = YES;
				CLANG_WARN_SUSPICIOUS_MOVE = YES;
				CLANG_WARN_UNGUARDED_AVAILABILITY = YES_AGGRESSIVE;
				CLANG_WARN_UNREACHABLE_CODE = YES;
				CLANG_WARN__DUPLICATE_METHOD_MATCH = YES;
				CODE_SIGN_IDENTITY = "iPhone Developer";
				COPY_PHASE_STRIP = NO;
				DEBUG_INFORMATION_FORMAT = dwarf;
				ENABLE_STRICT_OBJC_MSGSEND = YES;
				ENABLE_TESTABILITY = YES;
				GCC_C_LANGUAGE_STANDARD = gnu11;
				GCC_DYNAMIC_NO_PIC = NO;
				GCC_NO_COMMON_BLOCKS = YES;
				GCC_OPTIMIZATION_LEVEL = 0;
				GCC_PREPROCESSOR_DEFINITIONS = (
					"DEBUG=1",
					"$(inherited)",
				);
				GCC_WARN_64_TO_32_BIT_CONVERSION = YES;
				GCC_WARN_ABOUT_RETURN_TYPE = YES_ERROR;
				GCC_WARN_UNDECLARED_SELECTOR = YES;
				GCC_WARN_UNINITIALIZED_AUTOS = YES_AGGRESSIVE;
				GCC_WARN_UNUSED_FUNCTION = YES;
				GCC_WARN_UNUSED_VARIABLE = YES;
				IPHONEOS_DEPLOYMENT_TARGET = 12.0;
				MTL_ENABLE_DEBUG_INFO = INCLUDE_SOURCE;
				MTL_FAST_MATH = YES;
				ONLY_ACTIVE_ARCH = YES;
				SDKROOT = iphoneos;
				SWIFT_ACTIVE_COMPILATION_CONDITIONS = DEBUG;
				SWIFT_OPTIMIZATION_LEVEL = "-Onone";
			};
			name = Debug;
		};
		8293A05C21A422A300B179C7 /* Release */ = {
			isa = XCBuildConfiguration;
			buildSettings = {
				ALWAYS_SEARCH_USER_PATHS = NO;
				CLANG_ANALYZER_NONNULL = YES;
				CLANG_ANALYZER_NUMBER_OBJECT_CONVERSION = YES_AGGRESSIVE;
				CLANG_CXX_LANGUAGE_STANDARD = "gnu++14";
				CLANG_CXX_LIBRARY = "libc++";
				CLANG_ENABLE_MODULES = YES;
				CLANG_ENABLE_OBJC_ARC = YES;
				CLANG_ENABLE_OBJC_WEAK = YES;
				CLANG_WARN_BLOCK_CAPTURE_AUTORELEASING = YES;
				CLANG_WARN_BOOL_CONVERSION = YES;
				CLANG_WARN_COMMA = YES;
				CLANG_WARN_CONSTANT_CONVERSION = YES;
				CLANG_WARN_DEPRECATED_OBJC_IMPLEMENTATIONS = YES;
				CLANG_WARN_DIRECT_OBJC_ISA_USAGE = YES_ERROR;
				CLANG_WARN_DOCUMENTATION_COMMENTS = YES;
				CLANG_WARN_EMPTY_BODY = YES;
				CLANG_WARN_ENUM_CONVERSION = YES;
				CLANG_WARN_INFINITE_RECURSION = YES;
				CLANG_WARN_INT_CONVERSION = YES;
				CLANG_WARN_NON_LITERAL_NULL_CONVERSION = YES;
				CLANG_WARN_OBJC_IMPLICIT_RETAIN_SELF = YES;
				CLANG_WARN_OBJC_LITERAL_CONVERSION = YES;
				CLANG_WARN_OBJC_ROOT_CLASS = YES_ERROR;
				CLANG_WARN_RANGE_LOOP_ANALYSIS = YES;
				CLANG_WARN_STRICT_PROTOTYPES = YES;
				CLANG_WARN_SUSPICIOUS_MOVE = YES;
				CLANG_WARN_UNGUARDED_AVAILABILITY = YES_AGGRESSIVE;
				CLANG_WARN_UNREACHABLE_CODE = YES;
				CLANG_WARN__DUPLICATE_METHOD_MATCH = YES;
				CODE_SIGN_IDENTITY = "iPhone Developer";
				COPY_PHASE_STRIP = NO;
				DEBUG_INFORMATION_FORMAT = "dwarf-with-dsym";
				ENABLE_NS_ASSERTIONS = NO;
				ENABLE_STRICT_OBJC_MSGSEND = YES;
				GCC_C_LANGUAGE_STANDARD = gnu11;
				GCC_NO_COMMON_BLOCKS = YES;
				GCC_WARN_64_TO_32_BIT_CONVERSION = YES;
				GCC_WARN_ABOUT_RETURN_TYPE = YES_ERROR;
				GCC_WARN_UNDECLARED_SELECTOR = YES;
				GCC_WARN_UNINITIALIZED_AUTOS = YES_AGGRESSIVE;
				GCC_WARN_UNUSED_FUNCTION = YES;
				GCC_WARN_UNUSED_VARIABLE = YES;
				IPHONEOS_DEPLOYMENT_TARGET = 12.0;
				MTL_ENABLE_DEBUG_INFO = NO;
				MTL_FAST_MATH = YES;
				SDKROOT = iphoneos;
				SWIFT_COMPILATION_MODE = wholemodule;
				SWIFT_OPTIMIZATION_LEVEL = "-O";
				VALIDATE_PRODUCT = YES;
			};
			name = Release;
		};
		8293A05E21A422A300B179C7 /* Debug */ = {
			isa = XCBuildConfiguration;
			buildSettings = {
				ASSETCATALOG_COMPILER_APPICON_NAME = AppIcon;
				CODE_SIGN_STYLE = Automatic;
				DEVELOPMENT_TEAM = TKR2QX32K8;
				INFOPLIST_FILE = ContactDemo/Info.plist;
				LD_RUNPATH_SEARCH_PATHS = (
					"$(inherited)",
					"@executable_path/Frameworks",
				);
				PRODUCT_BUNDLE_IDENTIFIER = com.hrd.ContactDemo;
				PRODUCT_NAME = "$(TARGET_NAME)";
				SWIFT_VERSION = 4.2;
				TARGETED_DEVICE_FAMILY = "1,2";
			};
			name = Debug;
		};
		8293A05F21A422A300B179C7 /* Release */ = {
			isa = XCBuildConfiguration;
			buildSettings = {
				ASSETCATALOG_COMPILER_APPICON_NAME = AppIcon;
				CODE_SIGN_STYLE = Automatic;
				DEVELOPMENT_TEAM = TKR2QX32K8;
				INFOPLIST_FILE = ContactDemo/Info.plist;
				LD_RUNPATH_SEARCH_PATHS = (
					"$(inherited)",
					"@executable_path/Frameworks",
				);
				PRODUCT_BUNDLE_IDENTIFIER = com.hrd.ContactDemo;
				PRODUCT_NAME = "$(TARGET_NAME)";
				SWIFT_VERSION = 4.2;
				TARGETED_DEVICE_FAMILY = "1,2";
			};
			name = Release;
		};
/* End XCBuildConfiguration section */

/* Begin XCConfigurationList section */
		8293A04621A422A200B179C7 /* Build configuration list for PBXProject "ContactDemo" */ = {
			isa = XCConfigurationList;
			buildConfigurations = (
				8293A05B21A422A300B179C7 /* Debug */,
				8293A05C21A422A300B179C7 /* Release */,
			);
			defaultConfigurationIsVisible = 0;
			defaultConfigurationName = Release;
		};
		8293A05D21A422A300B179C7 /* Build configuration list for PBXNativeTarget "ContactDemo" */ = {
			isa = XCConfigurationList;
			buildConfigurations = (
				8293A05E21A422A300B179C7 /* Debug */,
				8293A05F21A422A300B179C7 /* Release */,
			);
			defaultConfigurationIsVisible = 0;
			defaultConfigurationName = Release;
		};
/* End XCConfigurationList section */
	};
	rootObject = 8293A04321A422A200B179C7 /* Project object */;
}
