// !$*UTF8*$!
{
	archiveVersion = 1;
	classes = {
	};
	objectVersion = 50;
	objects = {

/* Begin PBXBuildFile section */
		824581E721D0F6D800B9DC7B /* AppDelegate.swift in Sources */ = {isa = PBXBuildFile; fileRef = 824581E621D0F6D800B9DC7B /* AppDelegate.swift */; };
		824581E921D0F6D800B9DC7B /* ViewController.swift in Sources */ = {isa = PBXBuildFile; fileRef = 824581E821D0F6D800B9DC7B /* ViewController.swift */; };
		824581EC21D0F6D800B9DC7B /* Main.storyboard in Resources */ = {isa = PBXBuildFile; fileRef = 824581EA21D0F6D800B9DC7B /* Main.storyboard */; };
		824581EE21D0F6D900B9DC7B /* Assets.xcassets in Resources */ = {isa = PBXBuildFile; fileRef = 824581ED21D0F6D900B9DC7B /* Assets.xcassets */; };
		824581F121D0F6D900B9DC7B /* LaunchScreen.storyboard in Resources */ = {isa = PBXBuildFile; fileRef = 824581EF21D0F6D900B9DC7B /* LaunchScreen.storyboard */; };
		824581F921D0F81600B9DC7B /* ArticleTableViewController.swift in Sources */ = {isa = PBXBuildFile; fileRef = 824581F821D0F81600B9DC7B /* ArticleTableViewController.swift */; };
/* End PBXBuildFile section */

/* Begin PBXFileReference section */
		824581E321D0F6D800B9DC7B /* SC-Demo-2.app */ = {isa = PBXFileReference; explicitFileType = wrapper.application; includeInIndex = 0; path = "SC-Demo-2.app"; sourceTree = BUILT_PRODUCTS_DIR; };
		824581E621D0F6D800B9DC7B /* AppDelegate.swift */ = {isa = PBXFileReference; lastKnownFileType = sourcecode.swift; path = AppDelegate.swift; sourceTree = "<group>"; };
		824581E821D0F6D800B9DC7B /* ViewController.swift */ = {isa = PBXFileReference; lastKnownFileType = sourcecode.swift; path = ViewController.swift; sourceTree = "<group>"; };
		824581EB21D0F6D800B9DC7B /* Base */ = {isa = PBXFileReference; lastKnownFileType = file.storyboard; name = Base; path = Base.lproj/Main.storyboard; sourceTree = "<group>"; };
		824581ED21D0F6D900B9DC7B /* Assets.xcassets */ = {isa = PBXFileReference; lastKnownFileType = folder.assetcatalog; path = Assets.xcassets; sourceTree = "<group>"; };
		824581F021D0F6D900B9DC7B /* Base */ = {isa = PBXFileReference; lastKnownFileType = file.storyboard; name = Base; path = Base.lproj/LaunchScreen.storyboard; sourceTree = "<group>"; };
		824581F221D0F6D900B9DC7B /* Info.plist */ = {isa = PBXFileReference; lastKnownFileType = text.plist.xml; path = Info.plist; sourceTree = "<group>"; };
		824581F821D0F81600B9DC7B /* ArticleTableViewController.swift */ = {isa = PBXFileReference; lastKnownFileType = sourcecode.swift; path = ArticleTableViewController.swift; sourceTree = "<group>"; };
/* End PBXFileReference section */

/* Begin PBXFrameworksBuildPhase section */
		824581E021D0F6D800B9DC7B /* Frameworks */ = {
			isa = PBXFrameworksBuildPhase;
			buildActionMask = 2147483647;
			files = (
			);
			runOnlyForDeploymentPostprocessing = 0;
		};
/* End PBXFrameworksBuildPhase section */

/* Begin PBXGroup section */
		824581DA21D0F6D800B9DC7B = {
			isa = PBXGroup;
			children = (
				824581E521D0F6D800B9DC7B /* SC-Demo-2 */,
				824581E421D0F6D800B9DC7B /* Products */,
			);
			sourceTree = "<group>";
		};
		824581E421D0F6D800B9DC7B /* Products */ = {
			isa = PBXGroup;
			children = (
				824581E321D0F6D800B9DC7B /* SC-Demo-2.app */,
			);
			name = Products;
			sourceTree = "<group>";
		};
		824581E521D0F6D800B9DC7B /* SC-Demo-2 */ = {
			isa = PBXGroup;
			children = (
				824581E621D0F6D800B9DC7B /* AppDelegate.swift */,
				824581E821D0F6D800B9DC7B /* ViewController.swift */,
				824581EA21D0F6D800B9DC7B /* Main.storyboard */,
				824581F821D0F81600B9DC7B /* ArticleTableViewController.swift */,
				824581ED21D0F6D900B9DC7B /* Assets.xcassets */,
				824581EF21D0F6D900B9DC7B /* LaunchScreen.storyboard */,
				824581F221D0F6D900B9DC7B /* Info.plist */,
			);
			path = "SC-Demo-2";
			sourceTree = "<group>";
		};
/* End PBXGroup section */

/* Begin PBXNativeTarget section */
		824581E221D0F6D800B9DC7B /* SC-Demo-2 */ = {
			isa = PBXNativeTarget;
			buildConfigurationList = 824581F521D0F6D900B9DC7B /* Build configuration list for PBXNativeTarget "SC-Demo-2" */;
			buildPhases = (
				824581DF21D0F6D800B9DC7B /* Sources */,
				824581E021D0F6D800B9DC7B /* Frameworks */,
				824581E121D0F6D800B9DC7B /* Resources */,
			);
			buildRules = (
			);
			dependencies = (
			);
			name = "SC-Demo-2";
			productName = "SC-Demo-2";
			productReference = 824581E321D0F6D800B9DC7B /* SC-Demo-2.app */;
			productType = "com.apple.product-type.application";
		};
/* End PBXNativeTarget section */

/* Begin PBXProject section */
		824581DB21D0F6D800B9DC7B /* Project object */ = {
			isa = PBXProject;
			attributes = {
				LastSwiftUpdateCheck = 1000;
				LastUpgradeCheck = 1000;
				ORGANIZATIONNAME = "Soeng Saravit";
				TargetAttributes = {
					824581E221D0F6D800B9DC7B = {
						CreatedOnToolsVersion = 10.0;
					};
				};
			};
			buildConfigurationList = 824581DE21D0F6D800B9DC7B /* Build configuration list for PBXProject "SC-Demo-2" */;
			compatibilityVersion = "Xcode 9.3";
			developmentRegion = en;
			hasScannedForEncodings = 0;
			knownRegions = (
				en,
				Base,
			);
			mainGroup = 824581DA21D0F6D800B9DC7B;
			productRefGroup = 824581E421D0F6D800B9DC7B /* Products */;
			projectDirPath = "";
			projectRoot = "";
			targets = (
				824581E221D0F6D800B9DC7B /* SC-Demo-2 */,
			);
		};
/* End PBXProject section */

/* Begin PBXResourcesBuildPhase section */
		824581E121D0F6D800B9DC7B /* Resources */ = {
			isa = PBXResourcesBuildPhase;
			buildActionMask = 2147483647;
			files = (
				824581F121D0F6D900B9DC7B /* LaunchScreen.storyboard in Resources */,
				824581EE21D0F6D900B9DC7B /* Assets.xcassets in Resources */,
				824581EC21D0F6D800B9DC7B /* Main.storyboard in Resources */,
			);
			runOnlyForDeploymentPostprocessing = 0;
		};
/* End PBXResourcesBuildPhase section */

/* Begin PBXSourcesBuildPhase section */
		824581DF21D0F6D800B9DC7B /* Sources */ = {
			isa = PBXSourcesBuildPhase;
			buildActionMask = 2147483647;
			files = (
				824581E921D0F6D800B9DC7B /* ViewController.swift in Sources */,
				824581F921D0F81600B9DC7B /* ArticleTableViewController.swift in Sources */,
				824581E721D0F6D800B9DC7B /* AppDelegate.swift in Sources */,
			);
			runOnlyForDeploymentPostprocessing = 0;
		};
/* End PBXSourcesBuildPhase section */

/* Begin PBXVariantGroup section */
		824581EA21D0F6D800B9DC7B /* Main.storyboard */ = {
			isa = PBXVariantGroup;
			children = (
				824581EB21D0F6D800B9DC7B /* Base */,
			);
			name = Main.storyboard;
			sourceTree = "<group>";
		};
		824581EF21D0F6D900B9DC7B /* LaunchScreen.storyboard */ = {
			isa = PBXVariantGroup;
			children = (
				824581F021D0F6D900B9DC7B /* Base */,
			);
			name = LaunchScreen.storyboard;
			sourceTree = "<group>";
		};
/* End PBXVariantGroup section */

/* Begin XCBuildConfiguration section */
		824581F321D0F6D900B9DC7B /* Debug */ = {
			isa = XCBuildConfiguration;
			buildSettings = {
				ALWAYS_SEARCH_USER_PATHS = NO;
				CLANG_ANALYZER_NONNULL = YES;
				CLANG_ANALYZER_NUMBER_OBJECT_CONVERSION = YES_AGGRESSIVE;
				CLANG_CXX_LANGUAGE_STANDARD = "gnu++14";
				CLANG_CXX_LIBRARY = "libc++";
				CLANG_ENABLE_MODULES = YES;
				CLANG_ENABLE_OBJC_ARC = YES;
				CLANG_ENABLE_OBJC_WEAK = YES;
				CLANG_WARN_BLOCK_CAPTURE_AUTORELEASING = YES;
				CLANG_WARN_BOOL_CONVERSION = YES;
				CLANG_WARN_COMMA = YES;
				CLANG_WARN_CONSTANT_CONVERSION = YES;
				CLANG_WARN_DEPRECATED_OBJC_IMPLEMENTATIONS = YES;
				CLANG_WARN_DIRECT_OBJC_ISA_USAGE = YES_ERROR;
				CLANG_WARN_DOCUMENTATION_COMMENTS = YES;
				CLANG_WARN_EMPTY_BODY = YES;
				CLANG_WARN_ENUM_CONVERSION = YES;
				CLANG_WARN_INFINITE_RECURSION = YES;
				CLANG_WARN_INT_CONVERSION = YES;
				CLANG_WARN_NON_LITERAL_NULL_CONVERSION = YES;
				CLANG_WARN_OBJC_IMPLICIT_RETAIN_SELF = YES;
				CLANG_WARN_OBJC_LITERAL_CONVERSION = YES;
				CLANG_WARN_OBJC_ROOT_CLASS = YES_ERROR;
				CLANG_WARN_RANGE_LOOP_ANALYSIS = YES;
				CLANG_WARN_STRICT_PROTOTYPES = YES;
				CLANG_WARN_SUSPICIOUS_MOVE = YES;
				CLANG_WARN_UNGUARDED_AVAILABILITY = YES_AGGRESSIVE;
				CLANG_WARN_UNREACHABLE_CODE = YES;
				CLANG_WARN__DUPLICATE_METHOD_MATCH = YES;
				CODE_SIGN_IDENTITY = "iPhone Developer";
				COPY_PHASE_STRIP = NO;
				DEBUG_INFORMATION_FORMAT = dwarf;
				ENABLE_STRICT_OBJC_MSGSEND = YES;
				ENABLE_TESTABILITY = YES;
				GCC_C_LANGUAGE_STANDARD = gnu11;
				GCC_DYNAMIC_NO_PIC = NO;
				GCC_NO_COMMON_BLOCKS = YES;
				GCC_OPTIMIZATION_LEVEL = 0;
				GCC_PREPROCESSOR_DEFINITIONS = (
					"DEBUG=1",
					"$(inherited)",
				);
				GCC_WARN_64_TO_32_BIT_CONVERSION = YES;
				GCC_WARN_ABOUT_RETURN_TYPE = YES_ERROR;
				GCC_WARN_UNDECLARED_SELECTOR = YES;
				GCC_WARN_UNINITIALIZED_AUTOS = YES_AGGRESSIVE;
				GCC_WARN_UNUSED_FUNCTION = YES;
				GCC_WARN_UNUSED_VARIABLE = YES;
				IPHONEOS_DEPLOYMENT_TARGET = 12.0;
				MTL_ENABLE_DEBUG_INFO = INCLUDE_SOURCE;
				MTL_FAST_MATH = YES;
				ONLY_ACTIVE_ARCH = YES;
				SDKROOT = iphoneos;
				SWIFT_ACTIVE_COMPILATION_CONDITIONS = DEBUG;
				SWIFT_OPTIMIZATION_LEVEL = "-Onone";
			};
			name = Debug;
		};
		824581F421D0F6D900B9DC7B /* Release */ = {
			isa = XCBuildConfiguration;
			buildSettings = {
				ALWAYS_SEARCH_USER_PATHS = NO;
				CLANG_ANALYZER_NONNULL = YES;
				CLANG_ANALYZER_NUMBER_OBJECT_CONVERSION = YES_AGGRESSIVE;
				CLANG_CXX_LANGUAGE_STANDARD = "gnu++14";
				CLANG_CXX_LIBRARY = "libc++";
				CLANG_ENABLE_MODULES = YES;
				CLANG_ENABLE_OBJC_ARC = YES;
				CLANG_ENABLE_OBJC_WEAK = YES;
				CLANG_WARN_BLOCK_CAPTURE_AUTORELEASING = YES;
				CLANG_WARN_BOOL_CONVERSION = YES;
				CLANG_WARN_COMMA = YES;
				CLANG_WARN_CONSTANT_CONVERSION = YES;
				CLANG_WARN_DEPRECATED_OBJC_IMPLEMENTATIONS = YES;
				CLANG_WARN_DIRECT_OBJC_ISA_USAGE = YES_ERROR;
				CLANG_WARN_DOCUMENTATION_COMMENTS = YES;
				CLANG_WARN_EMPTY_BODY = YES;
				CLANG_WARN_ENUM_CONVERSION = YES;
				CLANG_WARN_INFINITE_RECURSION = YES;
				CLANG_WARN_INT_CONVERSION = YES;
				CLANG_WARN_NON_LITERAL_NULL_CONVERSION = YES;
				CLANG_WARN_OBJC_IMPLICIT_RETAIN_SELF = YES;
				CLANG_WARN_OBJC_LITERAL_CONVERSION = YES;
				CLANG_WARN_OBJC_ROOT_CLASS = YES_ERROR;
				CLANG_WARN_RANGE_LOOP_ANALYSIS = YES;
				CLANG_WARN_STRICT_PROTOTYPES = YES;
				CLANG_WARN_SUSPICIOUS_MOVE = YES;
				CLANG_WARN_UNGUARDED_AVAILABILITY = YES_AGGRESSIVE;
				CLANG_WARN_UNREACHABLE_CODE = YES;
				CLANG_WARN__DUPLICATE_METHOD_MATCH = YES;
				CODE_SIGN_IDENTITY = "iPhone Developer";
				COPY_PHASE_STRIP = NO;
				DEBUG_INFORMATION_FORMAT = "dwarf-with-dsym";
				ENABLE_NS_ASSERTIONS = NO;
				ENABLE_STRICT_OBJC_MSGSEND = YES;
				GCC_C_LANGUAGE_STANDARD = gnu11;
				GCC_NO_COMMON_BLOCKS = YES;
				GCC_WARN_64_TO_32_BIT_CONVERSION = YES;
				GCC_WARN_ABOUT_RETURN_TYPE = YES_ERROR;
				GCC_WARN_UNDECLARED_SELECTOR = YES;
				GCC_WARN_UNINITIALIZED_AUTOS = YES_AGGRESSIVE;
				GCC_WARN_UNUSED_FUNCTION = YES;
				GCC_WARN_UNUSED_VARIABLE = YES;
				IPHONEOS_DEPLOYMENT_TARGET = 12.0;
				MTL_ENABLE_DEBUG_INFO = NO;
				MTL_FAST_MATH = YES;
				SDKROOT = iphoneos;
				SWIFT_COMPILATION_MODE = wholemodule;
				SWIFT_OPTIMIZATION_LEVEL = "-O";
				VALIDATE_PRODUCT = YES;
			};
			name = Release;
		};
		824581F621D0F6D900B9DC7B /* Debug */ = {
			isa = XCBuildConfiguration;
			buildSettings = {
				ASSETCATALOG_COMPILER_APPICON_NAME = AppIcon;
				CODE_SIGN_STYLE = Automatic;
				DEVELOPMENT_TEAM = TKR2QX32K8;
				INFOPLIST_FILE = "SC-Demo-2/Info.plist";
				LD_RUNPATH_SEARCH_PATHS = (
					"$(inherited)",
					"@executable_path/Frameworks",
				);
				PRODUCT_BUNDLE_IDENTIFIER = "com.hrd.SC-Demo-2";
				PRODUCT_NAME = "$(TARGET_NAME)";
				SWIFT_VERSION = 4.2;
				TARGETED_DEVICE_FAMILY = "1,2";
			};
			name = Debug;
		};
		824581F721D0F6D900B9DC7B /* Release */ = {
			isa = XCBuildConfiguration;
			buildSettings = {
				ASSETCATALOG_COMPILER_APPICON_NAME = AppIcon;
				CODE_SIGN_STYLE = Automatic;
				DEVELOPMENT_TEAM = TKR2QX32K8;
				INFOPLIST_FILE = "SC-Demo-2/Info.plist";
				LD_RUNPATH_SEARCH_PATHS = (
					"$(inherited)",
					"@executable_path/Frameworks",
				);
				PRODUCT_BUNDLE_IDENTIFIER = "com.hrd.SC-Demo-2";
				PRODUCT_NAME = "$(TARGET_NAME)";
				SWIFT_VERSION = 4.2;
				TARGETED_DEVICE_FAMILY = "1,2";
			};
			name = Release;
		};
/* End XCBuildConfiguration section */

/* Begin XCConfigurationList section */
		824581DE21D0F6D800B9DC7B /* Build configuration list for PBXProject "SC-Demo-2" */ = {
			isa = XCConfigurationList;
			buildConfigurations = (
				824581F321D0F6D900B9DC7B /* Debug */,
				824581F421D0F6D900B9DC7B /* Release */,
			);
			defaultConfigurationIsVisible = 0;
			defaultConfigurationName = Release;
		};
		824581F521D0F6D900B9DC7B /* Build configuration list for PBXNativeTarget "SC-Demo-2" */ = {
			isa = XCConfigurationList;
			buildConfigurations = (
				824581F621D0F6D900B9DC7B /* Debug */,
				824581F721D0F6D900B9DC7B /* Release */,
			);
			defaultConfigurationIsVisible = 0;
			defaultConfigurationName = Release;
		};
/* End XCConfigurationList section */
	};
	rootObject = 824581DB21D0F6D800B9DC7B /* Project object */;
}
