// !$*UTF8*$!
{
	archiveVersion = 1;
	classes = {
	};
	objectVersion = 50;
	objects = {

/* Begin PBXBuildFile section */
		826CB09721C126AF00ABF966 /* AppDelegate.swift in Sources */ = {isa = PBXBuildFile; fileRef = 826CB09621C126AF00ABF966 /* AppDelegate.swift */; };
		826CB09921C126AF00ABF966 /* ViewController.swift in Sources */ = {isa = PBXBuildFile; fileRef = 826CB09821C126AF00ABF966 /* ViewController.swift */; };
		826CB09C21C126AF00ABF966 /* Main.storyboard in Resources */ = {isa = PBXBuildFile; fileRef = 826CB09A21C126AF00ABF966 /* Main.storyboard */; };
		826CB09F21C126AF00ABF966 /* ContactAppDemo.xcdatamodeld in Sources */ = {isa = PBXBuildFile; fileRef = 826CB09D21C126AF00ABF966 /* ContactAppDemo.xcdatamodeld */; };
		826CB0A121C126B000ABF966 /* Assets.xcassets in Resources */ = {isa = PBXBuildFile; fileRef = 826CB0A021C126B000ABF966 /* Assets.xcassets */; };
		826CB0A421C126B000ABF966 /* LaunchScreen.storyboard in Resources */ = {isa = PBXBuildFile; fileRef = 826CB0A221C126B000ABF966 /* LaunchScreen.storyboard */; };
		826CB0AC21C1286700ABF966 /* ContactTableViewController.swift in Sources */ = {isa = PBXBuildFile; fileRef = 826CB0AB21C1286700ABF966 /* ContactTableViewController.swift */; };
		826CB0AE21C1287E00ABF966 /* ContactTableViewCell.swift in Sources */ = {isa = PBXBuildFile; fileRef = 826CB0AD21C1287E00ABF966 /* ContactTableViewCell.swift */; };
/* End PBXBuildFile section */

/* Begin PBXFileReference section */
		826CB09321C126AF00ABF966 /* ContactAppDemo.app */ = {isa = PBXFileReference; explicitFileType = wrapper.application; includeInIndex = 0; path = ContactAppDemo.app; sourceTree = BUILT_PRODUCTS_DIR; };
		826CB09621C126AF00ABF966 /* AppDelegate.swift */ = {isa = PBXFileReference; lastKnownFileType = sourcecode.swift; path = AppDelegate.swift; sourceTree = "<group>"; };
		826CB09821C126AF00ABF966 /* ViewController.swift */ = {isa = PBXFileReference; lastKnownFileType = sourcecode.swift; path = ViewController.swift; sourceTree = "<group>"; };
		826CB09B21C126AF00ABF966 /* Base */ = {isa = PBXFileReference; lastKnownFileType = file.storyboard; name = Base; path = Base.lproj/Main.storyboard; sourceTree = "<group>"; };
		826CB09E21C126AF00ABF966 /* ContactAppDemo.xcdatamodel */ = {isa = PBXFileReference; lastKnownFileType = wrapper.xcdatamodel; path = ContactAppDemo.xcdatamodel; sourceTree = "<group>"; };
		826CB0A021C126B000ABF966 /* Assets.xcassets */ = {isa = PBXFileReference; lastKnownFileType = folder.assetcatalog; path = Assets.xcassets; sourceTree = "<group>"; };
		826CB0A321C126B000ABF966 /* Base */ = {isa = PBXFileReference; lastKnownFileType = file.storyboard; name = Base; path = Base.lproj/LaunchScreen.storyboard; sourceTree = "<group>"; };
		826CB0A521C126B000ABF966 /* Info.plist */ = {isa = PBXFileReference; lastKnownFileType = text.plist.xml; path = Info.plist; sourceTree = "<group>"; };
		826CB0AB21C1286700ABF966 /* ContactTableViewController.swift */ = {isa = PBXFileReference; lastKnownFileType = sourcecode.swift; path = ContactTableViewController.swift; sourceTree = "<group>"; };
		826CB0AD21C1287E00ABF966 /* ContactTableViewCell.swift */ = {isa = PBXFileReference; lastKnownFileType = sourcecode.swift; path = ContactTableViewCell.swift; sourceTree = "<group>"; };
/* End PBXFileReference section */

/* Begin PBXFrameworksBuildPhase section */
		826CB09021C126AF00ABF966 /* Frameworks */ = {
			isa = PBXFrameworksBuildPhase;
			buildActionMask = 2147483647;
			files = (
			);
			runOnlyForDeploymentPostprocessing = 0;
		};
/* End PBXFrameworksBuildPhase section */

/* Begin PBXGroup section */
		826CB08A21C126AF00ABF966 = {
			isa = PBXGroup;
			children = (
				826CB09521C126AF00ABF966 /* ContactAppDemo */,
				826CB09421C126AF00ABF966 /* Products */,
			);
			sourceTree = "<group>";
		};
		826CB09421C126AF00ABF966 /* Products */ = {
			isa = PBXGroup;
			children = (
				826CB09321C126AF00ABF966 /* ContactAppDemo.app */,
			);
			name = Products;
			sourceTree = "<group>";
		};
		826CB09521C126AF00ABF966 /* ContactAppDemo */ = {
			isa = PBXGroup;
			children = (
				826CB09621C126AF00ABF966 /* AppDelegate.swift */,
				826CB09821C126AF00ABF966 /* ViewController.swift */,
				826CB09A21C126AF00ABF966 /* Main.storyboard */,
				826CB0AB21C1286700ABF966 /* ContactTableViewController.swift */,
				826CB0A021C126B000ABF966 /* Assets.xcassets */,
				826CB0A221C126B000ABF966 /* LaunchScreen.storyboard */,
				826CB0A521C126B000ABF966 /* Info.plist */,
				826CB09D21C126AF00ABF966 /* ContactAppDemo.xcdatamodeld */,
				826CB0AD21C1287E00ABF966 /* ContactTableViewCell.swift */,
			);
			path = ContactAppDemo;
			sourceTree = "<group>";
		};
/* End PBXGroup section */

/* Begin PBXNativeTarget section */
		826CB09221C126AF00ABF966 /* ContactAppDemo */ = {
			isa = PBXNativeTarget;
			buildConfigurationList = 826CB0A821C126B000ABF966 /* Build configuration list for PBXNativeTarget "ContactAppDemo" */;
			buildPhases = (
				826CB08F21C126AF00ABF966 /* Sources */,
				826CB09021C126AF00ABF966 /* Frameworks */,
				826CB09121C126AF00ABF966 /* Resources */,
			);
			buildRules = (
			);
			dependencies = (
			);
			name = ContactAppDemo;
			productName = ContactAppDemo;
			productReference = 826CB09321C126AF00ABF966 /* ContactAppDemo.app */;
			productType = "com.apple.product-type.application";
		};
/* End PBXNativeTarget section */

/* Begin PBXProject section */
		826CB08B21C126AF00ABF966 /* Project object */ = {
			isa = PBXProject;
			attributes = {
				LastSwiftUpdateCheck = 1000;
				LastUpgradeCheck = 1000;
				ORGANIZATIONNAME = "Soeng Saravit";
				TargetAttributes = {
					826CB09221C126AF00ABF966 = {
						CreatedOnToolsVersion = 10.0;
					};
				};
			};
			buildConfigurationList = 826CB08E21C126AF00ABF966 /* Build configuration list for PBXProject "ContactAppDemo" */;
			compatibilityVersion = "Xcode 9.3";
			developmentRegion = en;
			hasScannedForEncodings = 0;
			knownRegions = (
				en,
				Base,
			);
			mainGroup = 826CB08A21C126AF00ABF966;
			productRefGroup = 826CB09421C126AF00ABF966 /* Products */;
			projectDirPath = "";
			projectRoot = "";
			targets = (
				826CB09221C126AF00ABF966 /* ContactAppDemo */,
			);
		};
/* End PBXProject section */

/* Begin PBXResourcesBuildPhase section */
		826CB09121C126AF00ABF966 /* Resources */ = {
			isa = PBXResourcesBuildPhase;
			buildActionMask = 2147483647;
			files = (
				826CB0A421C126B000ABF966 /* LaunchScreen.storyboard in Resources */,
				826CB0A121C126B000ABF966 /* Assets.xcassets in Resources */,
				826CB09C21C126AF00ABF966 /* Main.storyboard in Resources */,
			);
			runOnlyForDeploymentPostprocessing = 0;
		};
/* End PBXResourcesBuildPhase section */

/* Begin PBXSourcesBuildPhase section */
		826CB08F21C126AF00ABF966 /* Sources */ = {
			isa = PBXSourcesBuildPhase;
			buildActionMask = 2147483647;
			files = (
				826CB0AC21C1286700ABF966 /* ContactTableViewController.swift in Sources */,
				826CB0AE21C1287E00ABF966 /* ContactTableViewCell.swift in Sources */,
				826CB09F21C126AF00ABF966 /* ContactAppDemo.xcdatamodeld in Sources */,
				826CB09921C126AF00ABF966 /* ViewController.swift in Sources */,
				826CB09721C126AF00ABF966 /* AppDelegate.swift in Sources */,
			);
			runOnlyForDeploymentPostprocessing = 0;
		};
/* End PBXSourcesBuildPhase section */

/* Begin PBXVariantGroup section */
		826CB09A21C126AF00ABF966 /* Main.storyboard */ = {
			isa = PBXVariantGroup;
			children = (
				826CB09B21C126AF00ABF966 /* Base */,
			);
			name = Main.storyboard;
			sourceTree = "<group>";
		};
		826CB0A221C126B000ABF966 /* LaunchScreen.storyboard */ = {
			isa = PBXVariantGroup;
			children = (
				826CB0A321C126B000ABF966 /* Base */,
			);
			name = LaunchScreen.storyboard;
			sourceTree = "<group>";
		};
/* End PBXVariantGroup section */

/* Begin XCBuildConfiguration section */
		826CB0A621C126B000ABF966 /* Debug */ = {
			isa = XCBuildConfiguration;
			buildSettings = {
				ALWAYS_SEARCH_USER_PATHS = NO;
				CLANG_ANALYZER_NONNULL = YES;
				CLANG_ANALYZER_NUMBER_OBJECT_CONVERSION = YES_AGGRESSIVE;
				CLANG_CXX_LANGUAGE_STANDARD = "gnu++14";
				CLANG_CXX_LIBRARY = "libc++";
				CLANG_ENABLE_MODULES = YES;
				CLANG_ENABLE_OBJC_ARC = YES;
				CLANG_ENABLE_OBJC_WEAK = YES;
				CLANG_WARN_BLOCK_CAPTURE_AUTORELEASING = YES;
				CLANG_WARN_BOOL_CONVERSION = YES;
				CLANG_WARN_COMMA = YES;
				CLANG_WARN_CONSTANT_CONVERSION = YES;
				CLANG_WARN_DEPRECATED_OBJC_IMPLEMENTATIONS = YES;
				CLANG_WARN_DIRECT_OBJC_ISA_USAGE = YES_ERROR;
				CLANG_WARN_DOCUMENTATION_COMMENTS = YES;
				CLANG_WARN_EMPTY_BODY = YES;
				CLANG_WARN_ENUM_CONVERSION = YES;
				CLANG_WARN_INFINITE_RECURSION = YES;
				CLANG_WARN_INT_CONVERSION = YES;
				CLANG_WARN_NON_LITERAL_NULL_CONVERSION = YES;
				CLANG_WARN_OBJC_IMPLICIT_RETAIN_SELF = YES;
				CLANG_WARN_OBJC_LITERAL_CONVERSION = YES;
				CLANG_WARN_OBJC_ROOT_CLASS = YES_ERROR;
				CLANG_WARN_RANGE_LOOP_ANALYSIS = YES;
				CLANG_WARN_STRICT_PROTOTYPES = YES;
				CLANG_WARN_SUSPICIOUS_MOVE = YES;
				CLANG_WARN_UNGUARDED_AVAILABILITY = YES_AGGRESSIVE;
				CLANG_WARN_UNREACHABLE_CODE = YES;
				CLANG_WARN__DUPLICATE_METHOD_MATCH = YES;
				CODE_SIGN_IDENTITY = "iPhone Developer";
				COPY_PHASE_STRIP = NO;
				DEBUG_INFORMATION_FORMAT = dwarf;
				ENABLE_STRICT_OBJC_MSGSEND = YES;
				ENABLE_TESTABILITY = YES;
				GCC_C_LANGUAGE_STANDARD = gnu11;
				GCC_DYNAMIC_NO_PIC = NO;
				GCC_NO_COMMON_BLOCKS = YES;
				GCC_OPTIMIZATION_LEVEL = 0;
				GCC_PREPROCESSOR_DEFINITIONS = (
					"DEBUG=1",
					"$(inherited)",
				);
				GCC_WARN_64_TO_32_BIT_CONVERSION = YES;
				GCC_WARN_ABOUT_RETURN_TYPE = YES_ERROR;
				GCC_WARN_UNDECLARED_SELECTOR = YES;
				GCC_WARN_UNINITIALIZED_AUTOS = YES_AGGRESSIVE;
				GCC_WARN_UNUSED_FUNCTION = YES;
				GCC_WARN_UNUSED_VARIABLE = YES;
				IPHONEOS_DEPLOYMENT_TARGET = 12.0;
				MTL_ENABLE_DEBUG_INFO = INCLUDE_SOURCE;
				MTL_FAST_MATH = YES;
				ONLY_ACTIVE_ARCH = YES;
				SDKROOT = iphoneos;
				SWIFT_ACTIVE_COMPILATION_CONDITIONS = DEBUG;
				SWIFT_OPTIMIZATION_LEVEL = "-Onone";
			};
			name = Debug;
		};
		826CB0A721C126B000ABF966 /* Release */ = {
			isa = XCBuildConfiguration;
			buildSettings = {
				ALWAYS_SEARCH_USER_PATHS = NO;
				CLANG_ANALYZER_NONNULL = YES;
				CLANG_ANALYZER_NUMBER_OBJECT_CONVERSION = YES_AGGRESSIVE;
				CLANG_CXX_LANGUAGE_STANDARD = "gnu++14";
				CLANG_CXX_LIBRARY = "libc++";
				CLANG_ENABLE_MODULES = YES;
				CLANG_ENABLE_OBJC_ARC = YES;
				CLANG_ENABLE_OBJC_WEAK = YES;
				CLANG_WARN_BLOCK_CAPTURE_AUTORELEASING = YES;
				CLANG_WARN_BOOL_CONVERSION = YES;
				CLANG_WARN_COMMA = YES;
				CLANG_WARN_CONSTANT_CONVERSION = YES;
				CLANG_WARN_DEPRECATED_OBJC_IMPLEMENTATIONS = YES;
				CLANG_WARN_DIRECT_OBJC_ISA_USAGE = YES_ERROR;
				CLANG_WARN_DOCUMENTATION_COMMENTS = YES;
				CLANG_WARN_EMPTY_BODY = YES;
				CLANG_WARN_ENUM_CONVERSION = YES;
				CLANG_WARN_INFINITE_RECURSION = YES;
				CLANG_WARN_INT_CONVERSION = YES;
				CLANG_WARN_NON_LITERAL_NULL_CONVERSION = YES;
				CLANG_WARN_OBJC_IMPLICIT_RETAIN_SELF = YES;
				CLANG_WARN_OBJC_LITERAL_CONVERSION = YES;
				CLANG_WARN_OBJC_ROOT_CLASS = YES_ERROR;
				CLANG_WARN_RANGE_LOOP_ANALYSIS = YES;
				CLANG_WARN_STRICT_PROTOTYPES = YES;
				CLANG_WARN_SUSPICIOUS_MOVE = YES;
				CLANG_WARN_UNGUARDED_AVAILABILITY = YES_AGGRESSIVE;
				CLANG_WARN_UNREACHABLE_CODE = YES;
				CLANG_WARN__DUPLICATE_METHOD_MATCH = YES;
				CODE_SIGN_IDENTITY = "iPhone Developer";
				COPY_PHASE_STRIP = NO;
				DEBUG_INFORMATION_FORMAT = "dwarf-with-dsym";
				ENABLE_NS_ASSERTIONS = NO;
				ENABLE_STRICT_OBJC_MSGSEND = YES;
				GCC_C_LANGUAGE_STANDARD = gnu11;
				GCC_NO_COMMON_BLOCKS = YES;
				GCC_WARN_64_TO_32_BIT_CONVERSION = YES;
				GCC_WARN_ABOUT_RETURN_TYPE = YES_ERROR;
				GCC_WARN_UNDECLARED_SELECTOR = YES;
				GCC_WARN_UNINITIALIZED_AUTOS = YES_AGGRESSIVE;
				GCC_WARN_UNUSED_FUNCTION = YES;
				GCC_WARN_UNUSED_VARIABLE = YES;
				IPHONEOS_DEPLOYMENT_TARGET = 12.0;
				MTL_ENABLE_DEBUG_INFO = NO;
				MTL_FAST_MATH = YES;
				SDKROOT = iphoneos;
				SWIFT_COMPILATION_MODE = wholemodule;
				SWIFT_OPTIMIZATION_LEVEL = "-O";
				VALIDATE_PRODUCT = YES;
			};
			name = Release;
		};
		826CB0A921C126B000ABF966 /* Debug */ = {
			isa = XCBuildConfiguration;
			buildSettings = {
				ASSETCATALOG_COMPILER_APPICON_NAME = AppIcon;
				CODE_SIGN_STYLE = Automatic;
				DEVELOPMENT_TEAM = TKR2QX32K8;
				INFOPLIST_FILE = ContactAppDemo/Info.plist;
				LD_RUNPATH_SEARCH_PATHS = (
					"$(inherited)",
					"@executable_path/Frameworks",
				);
				PRODUCT_BUNDLE_IDENTIFIER = com.hrd.ContactAppDemo;
				PRODUCT_NAME = "$(TARGET_NAME)";
				SWIFT_VERSION = 4.2;
				TARGETED_DEVICE_FAMILY = "1,2";
			};
			name = Debug;
		};
		826CB0AA21C126B000ABF966 /* Release */ = {
			isa = XCBuildConfiguration;
			buildSettings = {
				ASSETCATALOG_COMPILER_APPICON_NAME = AppIcon;
				CODE_SIGN_STYLE = Automatic;
				DEVELOPMENT_TEAM = TKR2QX32K8;
				INFOPLIST_FILE = ContactAppDemo/Info.plist;
				LD_RUNPATH_SEARCH_PATHS = (
					"$(inherited)",
					"@executable_path/Frameworks",
				);
				PRODUCT_BUNDLE_IDENTIFIER = com.hrd.ContactAppDemo;
				PRODUCT_NAME = "$(TARGET_NAME)";
				SWIFT_VERSION = 4.2;
				TARGETED_DEVICE_FAMILY = "1,2";
			};
			name = Release;
		};
/* End XCBuildConfiguration section */

/* Begin XCConfigurationList section */
		826CB08E21C126AF00ABF966 /* Build configuration list for PBXProject "ContactAppDemo" */ = {
			isa = XCConfigurationList;
			buildConfigurations = (
				826CB0A621C126B000ABF966 /* Debug */,
				826CB0A721C126B000ABF966 /* Release */,
			);
			defaultConfigurationIsVisible = 0;
			defaultConfigurationName = Release;
		};
		826CB0A821C126B000ABF966 /* Build configuration list for PBXNativeTarget "ContactAppDemo" */ = {
			isa = XCConfigurationList;
			buildConfigurations = (
				826CB0A921C126B000ABF966 /* Debug */,
				826CB0AA21C126B000ABF966 /* Release */,
			);
			defaultConfigurationIsVisible = 0;
			defaultConfigurationName = Release;
		};
/* End XCConfigurationList section */

/* Begin XCVersionGroup section */
		826CB09D21C126AF00ABF966 /* ContactAppDemo.xcdatamodeld */ = {
			isa = XCVersionGroup;
			children = (
				826CB09E21C126AF00ABF966 /* ContactAppDemo.xcdatamodel */,
			);
			currentVersion = 826CB09E21C126AF00ABF966 /* ContactAppDemo.xcdatamodel */;
			path = ContactAppDemo.xcdatamodeld;
			sourceTree = "<group>";
			versionGroupType = wrapper.xcdatamodel;
		};
/* End XCVersionGroup section */
	};
	rootObject = 826CB08B21C126AF00ABF966 /* Project object */;
}
